
Microsoft Visual Studio Solution File, Format Version 12.00
# Visual Studio Version 17
VisualStudioVersion = 17.7.34031.279
MinimumVisualStudioVersion = 10.0.40219.1
Project("{8BC9CEB8-8B4A-11D0-8D11-00A0C91BC942}") = "Blackwings", "Blackwings\Blackwings.vcxproj", "{C08F7E34-3686-48D9-A4D3-C35DF8DF3B2D}"
EndProject
Project("{8BC9CEB8-8B4A-11D0-8D11-00A0C91BC942}") = "Blackwings Launcher", "Blackwings Launcher\Blackwings Launcher.vcxproj", "{67BDFEEB-C445-48B8-9DCB-7CA6AE7E00DF}"
EndProject
Global
	GlobalSection(SolutionConfigurationPlatforms) = preSolution
		Debug|ARM64 = Debug|ARM64
		Debug|x64 = Debug|x64
		Debug|x86 = Debug|x86
		Release|ARM64 = Release|ARM64
		Release|x64 = Release|x64
		Release|x86 = Release|x86
	EndGlobalSection
	GlobalSection(ProjectConfigurationPlatforms) = postSolution
		{C08F7E34-3686-48D9-A4D3-C35DF8DF3B2D}.Debug|ARM64.ActiveCfg = Debug|Win32
		{C08F7E34-3686-48D9-A4D3-C35DF8DF3B2D}.Debug|ARM64.Build.0 = Debug|Win32
		{C08F7E34-3686-48D9-A4D3-C35DF8DF3B2D}.Debug|x64.ActiveCfg = Debug|Win32
		{C08F7E34-3686-48D9-A4D3-C35DF8DF3B2D}.Debug|x64.Build.0 = Debug|Win32
		{C08F7E34-3686-48D9-A4D3-C35DF8DF3B2D}.Debug|x86.ActiveCfg = Debug|Win32
		{C08F7E34-3686-48D9-A4D3-C35DF8DF3B2D}.Debug|x86.Build.0 = Debug|Win32
		{C08F7E34-3686-48D9-A4D3-C35DF8DF3B2D}.Release|ARM64.ActiveCfg = Release|Win32
		{C08F7E34-3686-48D9-A4D3-C35DF8DF3B2D}.Release|ARM64.Build.0 = Release|Win32
		{C08F7E34-3686-48D9-A4D3-C35DF8DF3B2D}.Release|x64.ActiveCfg = Release|Win32
		{C08F7E34-3686-48D9-A4D3-C35DF8DF3B2D}.Release|x64.Build.0 = Release|Win32
		{C08F7E34-3686-48D9-A4D3-C35DF8DF3B2D}.Release|x86.ActiveCfg = Release|Win32
		{C08F7E34-3686-48D9-A4D3-C35DF8DF3B2D}.Release|x86.Build.0 = Release|Win32
		{67BDFEEB-C445-48B8-9DCB-7CA6AE7E00DF}.Debug|ARM64.ActiveCfg = Debug|ARM64
		{67BDFEEB-C445-48B8-9DCB-7CA6AE7E00DF}.Debug|ARM64.Build.0 = Debug|ARM64
		{67BDFEEB-C445-48B8-9DCB-7CA6AE7E00DF}.Debug|x64.ActiveCfg = Debug|x64
		{67BDFEEB-C445-48B8-9DCB-7CA6AE7E00DF}.Debug|x64.Build.0 = Debug|x64
		{67BDFEEB-C445-48B8-9DCB-7CA6AE7E00DF}.Debug|x86.ActiveCfg = Debug|Win32
		{67BDFEEB-C445-48B8-9DCB-7CA6AE7E00DF}.Debug|x86.Build.0 = Debug|Win32
		{67BDFEEB-C445-48B8-9DCB-7CA6AE7E00DF}.Release|ARM64.ActiveCfg = Release|ARM64
		{67BDFEEB-C445-48B8-9DCB-7CA6AE7E00DF}.Release|ARM64.Build.0 = Release|ARM64
		{67BDFEEB-C445-48B8-9DCB-7CA6AE7E00DF}.Release|x64.ActiveCfg = Release|x64
		{67BDFEEB-C445-48B8-9DCB-7CA6AE7E00DF}.Release|x64.Build.0 = Release|x64
		{67BDFEEB-C445-48B8-9DCB-7CA6AE7E00DF}.Release|x86.ActiveCfg = Release|Win32
		{67BDFEEB-C445-48B8-9DCB-7CA6AE7E00DF}.Release|x86.Build.0 = Release|Win32
	EndGlobalSection
	GlobalSection(SolutionProperties) = preSolution
		HideSolutionNode = FALSE
	EndGlobalSection
	GlobalSection(ExtensibilityGlobals) = postSolution
		SolutionGuid = {B2399FD3-30ED-45E5-9740-09963906257C}
	EndGlobalSection
EndGlobal
