<?xml version="1.0" encoding="utf-8"?>
<Project ToolsVersion="4.0" xmlns="http://schemas.microsoft.com/developer/msbuild/2003">
  <ItemGroup>
    <Filter Include="Source Files">
      <UniqueIdentifier>{4FC737F1-C7A5-4376-A066-2A32D752A2FF}</UniqueIdentifier>
      <Extensions>cpp;c;cc;cxx;c++;cppm;ixx;def;odl;idl;hpj;bat;asm;asmx</Extensions>
    </Filter>
    <Filter Include="Header Files">
      <UniqueIdentifier>{93995380-89BD-4b04-88EB-625FBE52EBFB}</UniqueIdentifier>
      <Extensions>h;hh;hpp;hxx;h++;hm;inl;inc;ipp;xsd</Extensions>
    </Filter>
    <Filter Include="Resource Files">
      <UniqueIdentifier>{67DA6AB6-F800-4c08-8B7A-83BB121AAD01}</UniqueIdentifier>
      <Extensions>rc;ico;cur;bmp;dlg;rc2;rct;bin;rgs;gif;jpg;jpeg;jpe;resx;tiff;tif;png;wav;mfcribbon-ms</Extensions>
    </Filter>
    <Filter Include="Source Files\Game">
      <UniqueIdentifier>{e897a2bc-76c7-4fbf-abfc-9874a282619c}</UniqueIdentifier>
    </Filter>
    <Filter Include="Source Files\Patches">
      <UniqueIdentifier>{82db603f-3c37-40bf-99c5-1be1631a146c}</UniqueIdentifier>
    </Filter>
    <Filter Include="Header Files\Game">
      <UniqueIdentifier>{ccaa53ec-bf8f-4096-b15a-534bc8bc0f9c}</UniqueIdentifier>
    </Filter>
  </ItemGroup>
  <ItemGroup>
    <ClInclude Include="framework.h">
      <Filter>Header Files</Filter>
    </ClInclude>
    <ClInclude Include="pch.h">
      <Filter>Header Files</Filter>
    </ClInclude>
    <ClInclude Include="memory.h">
      <Filter>Header Files</Filter>
    </ClInclude>
    <ClInclude Include="config.h">
      <Filter>Header Files</Filter>
    </ClInclude>
    <ClInclude Include="patches.h">
      <Filter>Header Files</Filter>
    </ClInclude>
    <ClInclude Include="game.h">
      <Filter>Header Files</Filter>
    </ClInclude>
    <ClInclude Include="CWvsContext.h">
      <Filter>Header Files\Game</Filter>
    </ClInclude>
    <ClInclude Include="CInputSystem.h">
      <Filter>Header Files\Game</Filter>
    </ClInclude>
    <ClInclude Include="IWzResMan.h">
      <Filter>Header Files\Game</Filter>
    </ClInclude>
    <ClInclude Include="IWzNameSpace.h">
      <Filter>Header Files\Game</Filter>
    </ClInclude>
    <ClInclude Include="IWzNameSpaceProperty.h">
      <Filter>Header Files\Game</Filter>
    </ClInclude>
    <ClInclude Include="IWzWritableNameSpace.h">
      <Filter>Header Files\Game</Filter>
    </ClInclude>
    <ClInclude Include="IWzArchive.h">
      <Filter>Header Files\Game</Filter>
    </ClInclude>
    <ClInclude Include="IWzSerialize.h">
      <Filter>Header Files\Game</Filter>
    </ClInclude>
    <ClInclude Include="IWzSeekableArchive.h">
      <Filter>Header Files\Game</Filter>
    </ClInclude>
    <ClInclude Include="IWzPackage.h">
      <Filter>Header Files\Game</Filter>
    </ClInclude>
    <ClInclude Include="IWzCanvas.h">
      <Filter>Header Files\Game</Filter>
    </ClInclude>
    <ClInclude Include="IWzProperty.h">
      <Filter>Header Files\Game</Filter>
    </ClInclude>
    <ClInclude Include="IWzFont.h">
      <Filter>Header Files\Game</Filter>
    </ClInclude>
    <ClInclude Include="IWzRawCanvas.h">
      <Filter>Header Files\Game</Filter>
    </ClInclude>
    <ClInclude Include="IWzRawCanvasAllocator.h">
      <Filter>Header Files\Game</Filter>
    </ClInclude>
    <ClInclude Include="IWzShape2D.h">
      <Filter>Header Files\Game</Filter>
    </ClInclude>
    <ClInclude Include="IWzVector2D.h">
      <Filter>Header Files\Game</Filter>
    </ClInclude>
    <ClInclude Include="IWzGr2DLayer.h">
      <Filter>Header Files\Game</Filter>
    </ClInclude>
    <ClInclude Include="IWzUOL.h">
      <Filter>Header Files\Game</Filter>
    </ClInclude>
    <ClInclude Include="IWzGr2D.h">
      <Filter>Header Files\Game</Filter>
    </ClInclude>
    <ClInclude Include="IWzSound.h">
      <Filter>Header Files\Game</Filter>
    </ClInclude>
    <ClInclude Include="IWzSoundState.h">
      <Filter>Header Files\Game</Filter>
    </ClInclude>
    <ClInclude Include="IWzFileSystem.h">
      <Filter>Header Files\Game</Filter>
    </ClInclude>
    <ClInclude Include="IWzNameSpaceWriter.h">
      <Filter>Header Files\Game</Filter>
    </ClInclude>
    <ClInclude Include="IWzPackageWriter.h">
      <Filter>Header Files\Game</Filter>
    </ClInclude>
    <ClInclude Include="IWzConvex2D.h">
      <Filter>Header Files\Game</Filter>
    </ClInclude>
    <ClInclude Include="IWzPolyShape2D.h">
      <Filter>Header Files\Game</Filter>
    </ClInclude>
    <ClInclude Include="IWzList.h">
      <Filter>Header Files\Game</Filter>
    </ClInclude>
  </ItemGroup>
  <ItemGroup>
    <ClCompile Include="dllmain.cpp">
      <Filter>Source Files</Filter>
    </ClCompile>
    <ClCompile Include="pch.cpp">
      <Filter>Source Files</Filter>
    </ClCompile>
    <ClCompile Include="memory.cpp">
      <Filter>Source Files</Filter>
    </ClCompile>
    <ClCompile Include="config.cpp">
      <Filter>Source Files</Filter>
    </ClCompile>
    <ClCompile Include="game.cpp">
      <Filter>Source Files</Filter>
    </ClCompile>
    <ClCompile Include="CWvsContext.cpp">
      <Filter>Source Files\Game</Filter>
    </ClCompile>
    <ClCompile Include="patch_game_logo_skip.cpp">
      <Filter>Source Files\Patches</Filter>
    </ClCompile>
    <ClCompile Include="patch_game_window_sizing.cpp">
      <Filter>Source Files\Patches</Filter>
    </ClCompile>
    <ClCompile Include="patch_winapi.cpp">
      <Filter>Source Files\Patches</Filter>
    </ClCompile>
    <ClCompile Include="patch_winsock.cpp">
      <Filter>Source Files\Patches</Filter>
    </ClCompile>
    <ClCompile Include="patch_game_window_imgui.cpp">
      <Filter>Source Files\Patches</Filter>
    </ClCompile>
    <ClCompile Include="patch_game_input_joystick_disable.cpp">
      <Filter>Source Files\Patches</Filter>
    </ClCompile>
    <ClCompile Include="CInputSystem.cpp">
      <Filter>Source Files\Game</Filter>
    </ClCompile>
    <ClCompile Include="patch_game_resman_initialize.cpp">
      <Filter>Source Files\Patches</Filter>
    </ClCompile>
    <ClCompile Include="patch_game_resman_custom_hotfix.cpp">
      <Filter>Source Files\Patches</Filter>
    </ClCompile>
  </ItemGroup>
  <ItemGroup>
    <CopyFileToFolders Include="Blackwings.ini" />
  </ItemGroup>
</Project>